{
  "name": "ajs-node",
  "version": "1.0.0",
  "lockfileVersion": 3,
  "requires": true,
  "packages": {
    "": {
      "name": "ajs-node",
      "version": "1.0.0",
      "license": "ISC",
      "dependencies": {
        "@o-r-c/ajs": "^1.0.0"
      }
    },
    "node_modules/@o-r-c/ajs": {
      "version": "1.0.0",
      "resolved": "https://npm.pkg.github.com/download/@o-r-c/ajs/1.0.0/8bcb7094d483402b00513924c692340e091ac70d",
      "integrity": "sha512-u2bMAr07VUzQIZ6IYsDsWAGsKrYa7Iaer+9X9sWmPv8jc9eBnok//GPhV6O82KkaEpE5kiZZLc6+TWOPwipmLA==",
      "license": "ISC"
    }
  }
}
